
Microsoft Visual Studio Solution File, Format Version 12.00
# Visual Studio 15
Project("{FAE04EC0-301F-11D3-BF4B-00C04F79EFBC}") = "studentdb", "studentdb\studentdb.csproj", "{02FF5045-A7CC-4A97-A563-B9E665361995}"
EndProject
Global
	GlobalSection(SolutionConfigurationPlatforms) = preSolution
		Debug|Any CPU = Debug|Any CPU
		Release|Any CPU = Release|Any CPU
	EndGlobalSection
	GlobalSection(ProjectConfigurationPlatforms) = postSolution
		{02FF5045-A7CC-4A97-A563-B9E665361995}.Debug|Any CPU.ActiveCfg = Debug|Any CPU
		{02FF5045-A7CC-4A97-A563-B9E665361995}.Debug|Any CPU.Build.0 = Debug|Any CPU
		{02FF5045-A7CC-4A97-A563-B9E665361995}.Release|Any CPU.ActiveCfg = Release|Any CPU
		{02FF5045-A7CC-4A97-A563-B9E665361995}.Release|Any CPU.Build.0 = Release|Any CPU
	EndGlobalSection
EndGlobal
